
Microsoft Visual Studio Solution File, Format Version 12.00
# Visual Studio 2013
VisualStudioVersion = 12.0.21005.1
MinimumVisualStudioVersion = 10.0.40219.1
Project("{FAE04EC0-301F-11D3-BF4B-00C04F79EFBC}") = "TestGenerator", "TestGenerator\TestGenerator.csproj", "{A9DB36D5-0DD2-4069-A173-E4A0585DAC43}"
EndProject
Project("{FAE04EC0-301F-11D3-BF4B-00C04F79EFBC}") = "Core", "Core\Core.csproj", "{15DFA726-805E-4C62-830F-2203FC7FACED}"
EndProject
Project("{FAE04EC0-301F-11D3-BF4B-00C04F79EFBC}") = "SchemaGenerator", "SchemaGenerator\SchemaGenerator.csproj", "{C823C0B2-7DBD-4DE3-B847-23AF592EB64D}"
EndProject
Global
	GlobalSection(SolutionConfigurationPlatforms) = preSolution
		Debug|Any CPU = Debug|Any CPU
		Release|Any CPU = Release|Any CPU
	EndGlobalSection
	GlobalSection(ProjectConfigurationPlatforms) = postSolution
		{A9DB36D5-0DD2-4069-A173-E4A0585DAC43}.Debug|Any CPU.ActiveCfg = Debug|Any CPU
		{A9DB36D5-0DD2-4069-A173-E4A0585DAC43}.Debug|Any CPU.Build.0 = Debug|Any CPU
		{A9DB36D5-0DD2-4069-A173-E4A0585DAC43}.Release|Any CPU.ActiveCfg = Release|Any CPU
		{A9DB36D5-0DD2-4069-A173-E4A0585DAC43}.Release|Any CPU.Build.0 = Release|Any CPU
		{15DFA726-805E-4C62-830F-2203FC7FACED}.Debug|Any CPU.ActiveCfg = Debug|Any CPU
		{15DFA726-805E-4C62-830F-2203FC7FACED}.Debug|Any CPU.Build.0 = Debug|Any CPU
		{15DFA726-805E-4C62-830F-2203FC7FACED}.Release|Any CPU.ActiveCfg = Release|Any CPU
		{15DFA726-805E-4C62-830F-2203FC7FACED}.Release|Any CPU.Build.0 = Release|Any CPU
		{C823C0B2-7DBD-4DE3-B847-23AF592EB64D}.Debug|Any CPU.ActiveCfg = Debug|Any CPU
		{C823C0B2-7DBD-4DE3-B847-23AF592EB64D}.Debug|Any CPU.Build.0 = Debug|Any CPU
		{C823C0B2-7DBD-4DE3-B847-23AF592EB64D}.Release|Any CPU.ActiveCfg = Release|Any CPU
		{C823C0B2-7DBD-4DE3-B847-23AF592EB64D}.Release|Any CPU.Build.0 = Release|Any CPU
	EndGlobalSection
	GlobalSection(SolutionProperties) = preSolution
		HideSolutionNode = FALSE
	EndGlobalSection
EndGlobal
